
Microsoft Visual Studio Solution File, Format Version 12.00
# Visual Studio 14
VisualStudioVersion = 14.0.25420.1
MinimumVisualStudioVersion = 10.0.40219.1
Project("{FAE04EC0-301F-11D3-BF4B-00C04F79EFBC}") = "AssignmentWebshop", "AssignmentWebshop\AssignmentWebshop.csproj", "{0BC804D6-6CF7-4AA8-B501-3C7795E83635}"
EndProject
Project("{FAE04EC0-301F-11D3-BF4B-00C04F79EFBC}") = "AssignmentWebshop.Tests", "AssignmentWebshop.Tests\AssignmentWebshop.Tests.csproj", "{47EE2F4A-E98E-4C18-ACDB-3D457AF033F0}"
EndProject
Global
	GlobalSection(SolutionConfigurationPlatforms) = preSolution
		Debug|Any CPU = Debug|Any CPU
		Release|Any CPU = Release|Any CPU
	EndGlobalSection
	GlobalSection(ProjectConfigurationPlatforms) = postSolution
		{0BC804D6-6CF7-4AA8-B501-3C7795E83635}.Debug|Any CPU.ActiveCfg = Debug|Any CPU
		{0BC804D6-6CF7-4AA8-B501-3C7795E83635}.Debug|Any CPU.Build.0 = Debug|Any CPU
		{0BC804D6-6CF7-4AA8-B501-3C7795E83635}.Release|Any CPU.ActiveCfg = Release|Any CPU
		{0BC804D6-6CF7-4AA8-B501-3C7795E83635}.Release|Any CPU.Build.0 = Release|Any CPU
		{47EE2F4A-E98E-4C18-ACDB-3D457AF033F0}.Debug|Any CPU.ActiveCfg = Debug|Any CPU
		{47EE2F4A-E98E-4C18-ACDB-3D457AF033F0}.Debug|Any CPU.Build.0 = Debug|Any CPU
		{47EE2F4A-E98E-4C18-ACDB-3D457AF033F0}.Release|Any CPU.ActiveCfg = Release|Any CPU
		{47EE2F4A-E98E-4C18-ACDB-3D457AF033F0}.Release|Any CPU.Build.0 = Release|Any CPU
	EndGlobalSection
	GlobalSection(SolutionProperties) = preSolution
		HideSolutionNode = FALSE
	EndGlobalSection
EndGlobal
